
Microsoft Visual Studio Solution File, Format Version 12.00
# Visual Studio 15
VisualStudioVersion = 15.0.27130.2020
MinimumVisualStudioVersion = 10.0.40219.1
Project("{FAE04EC0-301F-11D3-BF4B-00C04F79EFBC}") = "PayPalIntegration", "PayPalIntegration\PayPalIntegration.csproj", "{C9564934-385B-4D16-8157-55864C4CB7CC}"
EndProject
Global
	GlobalSection(SolutionConfigurationPlatforms) = preSolution
		Debug|Any CPU = Debug|Any CPU
		Release|Any CPU = Release|Any CPU
	EndGlobalSection
	GlobalSection(ProjectConfigurationPlatforms) = postSolution
		{C9564934-385B-4D16-8157-55864C4CB7CC}.Debug|Any CPU.ActiveCfg = Debug|Any CPU
		{C9564934-385B-4D16-8157-55864C4CB7CC}.Debug|Any CPU.Build.0 = Debug|Any CPU
		{C9564934-385B-4D16-8157-55864C4CB7CC}.Release|Any CPU.ActiveCfg = Release|Any CPU
		{C9564934-385B-4D16-8157-55864C4CB7CC}.Release|Any CPU.Build.0 = Release|Any CPU
	EndGlobalSection
	GlobalSection(SolutionProperties) = preSolution
		HideSolutionNode = FALSE
	EndGlobalSection
	GlobalSection(ExtensibilityGlobals) = postSolution
		SolutionGuid = {61B5EFF8-F9BA-44B4-BA31-A08EDB260546}
	EndGlobalSection
EndGlobal
